// !$*UTF8*$!
{
	archiveVersion = 1;
	classes = {
	};
	objectVersion = 55;
	objects = {

/* Begin PBXBuildFile section */
		6D94364D28B0E7E900AC7095 /* PDFReaderApp.swift in Sources */ = {isa = PBXBuildFile; fileRef = 6D94364C28B0E7E900AC7095 /* PDFReaderApp.swift */; };
		6D94364F28B0E7E900AC7095 /* BooksListView.swift in Sources */ = {isa = PBXBuildFile; fileRef = 6D94364E28B0E7E900AC7095 /* BooksListView.swift */; };
		6D94365128B0E7EA00AC7095 /* Assets.xcassets in Resources */ = {isa = PBXBuildFile; fileRef = 6D94365028B0E7EA00AC7095 /* Assets.xcassets */; };
		6D94365428B0E7EA00AC7095 /* Preview Assets.xcassets in Resources */ = {isa = PBXBuildFile; fileRef = 6D94365328B0E7EA00AC7095 /* Preview Assets.xcassets */; };
		6DA84C4A28B4F65900F94487 /* BooksService.swift in Sources */ = {isa = PBXBuildFile; fileRef = 6DA84C4928B4F65900F94487 /* BooksService.swift */; };
		6DA84C4F28B4FE1100F94487 /* Book.swift in Sources */ = {isa = PBXBuildFile; fileRef = 6DA84C4E28B4FE1100F94487 /* Book.swift */; };
		6DA84C5228B4FFBE00F94487 /* MockBooksService.swift in Sources */ = {isa = PBXBuildFile; fileRef = 6DA84C5128B4FFBE00F94487 /* MockBooksService.swift */; };
		6DA84C5428B501CE00F94487 /* Mock in Resources */ = {isa = PBXBuildFile; fileRef = 6DA84C5328B501CE00F94487 /* Mock */; };
		6DA84C5728B502AD00F94487 /* PDFService.swift in Sources */ = {isa = PBXBuildFile; fileRef = 6DA84C5628B502AD00F94487 /* PDFService.swift */; };
		6DA84C5C28B50E0200F94487 /* BooksListViewModel.swift in Sources */ = {isa = PBXBuildFile; fileRef = 6DA84C5B28B50E0200F94487 /* BooksListViewModel.swift */; };
		6DA84C5E28B512EE00F94487 /* BooksList.swift in Sources */ = {isa = PBXBuildFile; fileRef = 6DA84C5D28B512EE00F94487 /* BooksList.swift */; };
		6DA84C6028B519B900F94487 /* RestPDFService.swift in Sources */ = {isa = PBXBuildFile; fileRef = 6DA84C5F28B519B900F94487 /* RestPDFService.swift */; };
		6DA84C6528B520D800F94487 /* PDFReader.swift in Sources */ = {isa = PBXBuildFile; fileRef = 6DA84C6428B520D800F94487 /* PDFReader.swift */; };
		6DA84C6728BF77D500F94487 /* BookRowView.swift in Sources */ = {isa = PBXBuildFile; fileRef = 6DA84C6628BF77D500F94487 /* BookRowView.swift */; };
		6DA84C6928BF7AF000F94487 /* BookRowViewModel.swift in Sources */ = {isa = PBXBuildFile; fileRef = 6DA84C6828BF7AF000F94487 /* BookRowViewModel.swift */; };
/* End PBXBuildFile section */

/* Begin PBXFileReference section */
		6D94364928B0E7E900AC7095 /* PDFReader.app */ = {isa = PBXFileReference; explicitFileType = wrapper.application; includeInIndex = 0; path = PDFReader.app; sourceTree = BUILT_PRODUCTS_DIR; };
		6D94364C28B0E7E900AC7095 /* PDFReaderApp.swift */ = {isa = PBXFileReference; lastKnownFileType = sourcecode.swift; path = PDFReaderApp.swift; sourceTree = "<group>"; };
		6D94364E28B0E7E900AC7095 /* BooksListView.swift */ = {isa = PBXFileReference; lastKnownFileType = sourcecode.swift; path = BooksListView.swift; sourceTree = "<group>"; };
		6D94365028B0E7EA00AC7095 /* Assets.xcassets */ = {isa = PBXFileReference; lastKnownFileType = folder.assetcatalog; path = Assets.xcassets; sourceTree = "<group>"; };
		6D94365328B0E7EA00AC7095 /* Preview Assets.xcassets */ = {isa = PBXFileReference; lastKnownFileType = folder.assetcatalog; path = "Preview Assets.xcassets"; sourceTree = "<group>"; };
		6DA84C4928B4F65900F94487 /* BooksService.swift */ = {isa = PBXFileReference; lastKnownFileType = sourcecode.swift; path = BooksService.swift; sourceTree = "<group>"; };
		6DA84C4E28B4FE1100F94487 /* Book.swift */ = {isa = PBXFileReference; lastKnownFileType = sourcecode.swift; path = Book.swift; sourceTree = "<group>"; };
		6DA84C5128B4FFBE00F94487 /* MockBooksService.swift */ = {isa = PBXFileReference; lastKnownFileType = sourcecode.swift; path = MockBooksService.swift; sourceTree = "<group>"; };
		6DA84C5328B501CE00F94487 /* Mock */ = {isa = PBXFileReference; fileEncoding = 4; lastKnownFileType = text; name = Mock; path = PDFReader/Mock; sourceTree = SOURCE_ROOT; };
		6DA84C5628B502AD00F94487 /* PDFService.swift */ = {isa = PBXFileReference; lastKnownFileType = sourcecode.swift; path = PDFService.swift; sourceTree = "<group>"; };
		6DA84C5B28B50E0200F94487 /* BooksListViewModel.swift */ = {isa = PBXFileReference; lastKnownFileType = sourcecode.swift; path = BooksListViewModel.swift; sourceTree = "<group>"; };
		6DA84C5D28B512EE00F94487 /* BooksList.swift */ = {isa = PBXFileReference; lastKnownFileType = sourcecode.swift; path = BooksList.swift; sourceTree = "<group>"; };
		6DA84C5F28B519B900F94487 /* RestPDFService.swift */ = {isa = PBXFileReference; lastKnownFileType = sourcecode.swift; path = RestPDFService.swift; sourceTree = "<group>"; };
		6DA84C6428B520D800F94487 /* PDFReader.swift */ = {isa = PBXFileReference; lastKnownFileType = sourcecode.swift; path = PDFReader.swift; sourceTree = "<group>"; };
		6DA84C6628BF77D500F94487 /* BookRowView.swift */ = {isa = PBXFileReference; lastKnownFileType = sourcecode.swift; path = BookRowView.swift; sourceTree = "<group>"; };
		6DA84C6828BF7AF000F94487 /* BookRowViewModel.swift */ = {isa = PBXFileReference; lastKnownFileType = sourcecode.swift; path = BookRowViewModel.swift; sourceTree = "<group>"; };
/* End PBXFileReference section */

/* Begin PBXFrameworksBuildPhase section */
		6D94364628B0E7E900AC7095 /* Frameworks */ = {
			isa = PBXFrameworksBuildPhase;
			buildActionMask = 2147483647;
			files = (
			);
			runOnlyForDeploymentPostprocessing = 0;
		};
/* End PBXFrameworksBuildPhase section */

/* Begin PBXGroup section */
		6D94364028B0E7E900AC7095 = {
			isa = PBXGroup;
			children = (
				6D94364B28B0E7E900AC7095 /* PDFReader */,
				6D94364A28B0E7E900AC7095 /* Products */,
			);
			sourceTree = "<group>";
		};
		6D94364A28B0E7E900AC7095 /* Products */ = {
			isa = PBXGroup;
			children = (
				6D94364928B0E7E900AC7095 /* PDFReader.app */,
			);
			name = Products;
			sourceTree = "<group>";
		};
		6D94364B28B0E7E900AC7095 /* PDFReader */ = {
			isa = PBXGroup;
			children = (
				6DA84C6128B51ED400F94487 /* Modules */,
				6DA84C4D28B4FDEA00F94487 /* Models */,
				6DA84C4828B4F61900F94487 /* Services */,
				6D94364C28B0E7E900AC7095 /* PDFReaderApp.swift */,
				6DA84C5328B501CE00F94487 /* Mock */,
				6D94365028B0E7EA00AC7095 /* Assets.xcassets */,
				6D94365228B0E7EA00AC7095 /* Preview Content */,
			);
			path = PDFReader;
			sourceTree = "<group>";
		};
		6D94365228B0E7EA00AC7095 /* Preview Content */ = {
			isa = PBXGroup;
			children = (
				6D94365328B0E7EA00AC7095 /* Preview Assets.xcassets */,
			);
			path = "Preview Content";
			sourceTree = "<group>";
		};
		6DA84C4828B4F61900F94487 /* Services */ = {
			isa = PBXGroup;
			children = (
				6DA84C5528B5028A00F94487 /* PDFs */,
				6DA84C5028B4FF0D00F94487 /* Books */,
			);
			path = Services;
			sourceTree = "<group>";
		};
		6DA84C4D28B4FDEA00F94487 /* Models */ = {
			isa = PBXGroup;
			children = (
				6DA84C4E28B4FE1100F94487 /* Book.swift */,
				6DA84C5D28B512EE00F94487 /* BooksList.swift */,
			);
			path = Models;
			sourceTree = "<group>";
		};
		6DA84C5028B4FF0D00F94487 /* Books */ = {
			isa = PBXGroup;
			children = (
				6DA84C4928B4F65900F94487 /* BooksService.swift */,
				6DA84C5128B4FFBE00F94487 /* MockBooksService.swift */,
			);
			path = Books;
			sourceTree = "<group>";
		};
		6DA84C5528B5028A00F94487 /* PDFs */ = {
			isa = PBXGroup;
			children = (
				6DA84C5628B502AD00F94487 /* PDFService.swift */,
				6DA84C5F28B519B900F94487 /* RestPDFService.swift */,
			);
			path = PDFs;
			sourceTree = "<group>";
		};
		6DA84C5928B50DB900F94487 /* Views */ = {
			isa = PBXGroup;
			children = (
				6D94364E28B0E7E900AC7095 /* BooksListView.swift */,
				6DA84C6628BF77D500F94487 /* BookRowView.swift */,
			);
			path = Views;
			sourceTree = "<group>";
		};
		6DA84C5A28B50DC100F94487 /* ViewModels */ = {
			isa = PBXGroup;
			children = (
				6DA84C5B28B50E0200F94487 /* BooksListViewModel.swift */,
				6DA84C6828BF7AF000F94487 /* BookRowViewModel.swift */,
			);
			path = ViewModels;
			sourceTree = "<group>";
		};
		6DA84C6128B51ED400F94487 /* Modules */ = {
			isa = PBXGroup;
			children = (
				6DA84C6328B520BE00F94487 /* Reader */,
				6DA84C6228B5200800F94487 /* BooksList */,
			);
			path = Modules;
			sourceTree = "<group>";
		};
		6DA84C6228B5200800F94487 /* BooksList */ = {
			isa = PBXGroup;
			children = (
				6DA84C5928B50DB900F94487 /* Views */,
				6DA84C5A28B50DC100F94487 /* ViewModels */,
			);
			path = BooksList;
			sourceTree = "<group>";
		};
		6DA84C6328B520BE00F94487 /* Reader */ = {
			isa = PBXGroup;
			children = (
				6DA84C6428B520D800F94487 /* PDFReader.swift */,
			);
			path = Reader;
			sourceTree = "<group>";
		};
/* End PBXGroup section */

/* Begin PBXNativeTarget section */
		6D94364828B0E7E900AC7095 /* PDFReader */ = {
			isa = PBXNativeTarget;
			buildConfigurationList = 6D94365728B0E7EA00AC7095 /* Build configuration list for PBXNativeTarget "PDFReader" */;
			buildPhases = (
				6D94364528B0E7E900AC7095 /* Sources */,
				6D94364628B0E7E900AC7095 /* Frameworks */,
				6D94364728B0E7E900AC7095 /* Resources */,
			);
			buildRules = (
			);
			dependencies = (
			);
			name = PDFReader;
			productName = PDFReader;
			productReference = 6D94364928B0E7E900AC7095 /* PDFReader.app */;
			productType = "com.apple.product-type.application";
		};
/* End PBXNativeTarget section */

/* Begin PBXProject section */
		6D94364128B0E7E900AC7095 /* Project object */ = {
			isa = PBXProject;
			attributes = {
				BuildIndependentTargetsInParallel = 1;
				LastSwiftUpdateCheck = 1340;
				LastUpgradeCheck = 1340;
				TargetAttributes = {
					6D94364828B0E7E900AC7095 = {
						CreatedOnToolsVersion = 13.4.1;
					};
				};
			};
			buildConfigurationList = 6D94364428B0E7E900AC7095 /* Build configuration list for PBXProject "PDFReader" */;
			compatibilityVersion = "Xcode 13.0";
			developmentRegion = en;
			hasScannedForEncodings = 0;
			knownRegions = (
				en,
				Base,
			);
			mainGroup = 6D94364028B0E7E900AC7095;
			productRefGroup = 6D94364A28B0E7E900AC7095 /* Products */;
			projectDirPath = "";
			projectRoot = "";
			targets = (
				6D94364828B0E7E900AC7095 /* PDFReader */,
			);
		};
/* End PBXProject section */

/* Begin PBXResourcesBuildPhase section */
		6D94364728B0E7E900AC7095 /* Resources */ = {
			isa = PBXResourcesBuildPhase;
			buildActionMask = 2147483647;
			files = (
				6DA84C5428B501CE00F94487 /* Mock in Resources */,
				6D94365428B0E7EA00AC7095 /* Preview Assets.xcassets in Resources */,
				6D94365128B0E7EA00AC7095 /* Assets.xcassets in Resources */,
			);
			runOnlyForDeploymentPostprocessing = 0;
		};
/* End PBXResourcesBuildPhase section */

/* Begin PBXSourcesBuildPhase section */
		6D94364528B0E7E900AC7095 /* Sources */ = {
			isa = PBXSourcesBuildPhase;
			buildActionMask = 2147483647;
			files = (
				6DA84C6928BF7AF000F94487 /* BookRowViewModel.swift in Sources */,
				6DA84C5C28B50E0200F94487 /* BooksListViewModel.swift in Sources */,
				6DA84C6728BF77D500F94487 /* BookRowView.swift in Sources */,
				6D94364F28B0E7E900AC7095 /* BooksListView.swift in Sources */,
				6DA84C4A28B4F65900F94487 /* BooksService.swift in Sources */,
				6DA84C5728B502AD00F94487 /* PDFService.swift in Sources */,
				6DA84C5E28B512EE00F94487 /* BooksList.swift in Sources */,
				6DA84C5228B4FFBE00F94487 /* MockBooksService.swift in Sources */,
				6DA84C4F28B4FE1100F94487 /* Book.swift in Sources */,
				6DA84C6028B519B900F94487 /* RestPDFService.swift in Sources */,
				6D94364D28B0E7E900AC7095 /* PDFReaderApp.swift in Sources */,
				6DA84C6528B520D800F94487 /* PDFReader.swift in Sources */,
			);
			runOnlyForDeploymentPostprocessing = 0;
		};
/* End PBXSourcesBuildPhase section */

/* Begin XCBuildConfiguration section */
		6D94365528B0E7EA00AC7095 /* Debug */ = {
			isa = XCBuildConfiguration;
			buildSettings = {
				ALWAYS_SEARCH_USER_PATHS = NO;
				CLANG_ANALYZER_NONNULL = YES;
				CLANG_ANALYZER_NUMBER_OBJECT_CONVERSION = YES_AGGRESSIVE;
				CLANG_CXX_LANGUAGE_STANDARD = "gnu++17";
				CLANG_ENABLE_MODULES = YES;
				CLANG_ENABLE_OBJC_ARC = YES;
				CLANG_ENABLE_OBJC_WEAK = YES;
				CLANG_WARN_BLOCK_CAPTURE_AUTORELEASING = YES;
				CLANG_WARN_BOOL_CONVERSION = YES;
				CLANG_WARN_COMMA = YES;
				CLANG_WARN_CONSTANT_CONVERSION = YES;
				CLANG_WARN_DEPRECATED_OBJC_IMPLEMENTATIONS = YES;
				CLANG_WARN_DIRECT_OBJC_ISA_USAGE = YES_ERROR;
				CLANG_WARN_DOCUMENTATION_COMMENTS = YES;
				CLANG_WARN_EMPTY_BODY = YES;
				CLANG_WARN_ENUM_CONVERSION = YES;
				CLANG_WARN_INFINITE_RECURSION = YES;
				CLANG_WARN_INT_CONVERSION = YES;
				CLANG_WARN_NON_LITERAL_NULL_CONVERSION = YES;
				CLANG_WARN_OBJC_IMPLICIT_RETAIN_SELF = YES;
				CLANG_WARN_OBJC_LITERAL_CONVERSION = YES;
				CLANG_WARN_OBJC_ROOT_CLASS = YES_ERROR;
				CLANG_WARN_QUOTED_INCLUDE_IN_FRAMEWORK_HEADER = YES;
				CLANG_WARN_RANGE_LOOP_ANALYSIS = YES;
				CLANG_WARN_STRICT_PROTOTYPES = YES;
				CLANG_WARN_SUSPICIOUS_MOVE = YES;
				CLANG_WARN_UNGUARDED_AVAILABILITY = YES_AGGRESSIVE;
				CLANG_WARN_UNREACHABLE_CODE = YES;
				CLANG_WARN__DUPLICATE_METHOD_MATCH = YES;
				COPY_PHASE_STRIP = NO;
				DEBUG_INFORMATION_FORMAT = dwarf;
				ENABLE_STRICT_OBJC_MSGSEND = YES;
				ENABLE_TESTABILITY = YES;
				GCC_C_LANGUAGE_STANDARD = gnu11;
				GCC_DYNAMIC_NO_PIC = NO;
				GCC_NO_COMMON_BLOCKS = YES;
				GCC_OPTIMIZATION_LEVEL = 0;
				GCC_PREPROCESSOR_DEFINITIONS = (
					"DEBUG=1",
					"$(inherited)",
				);
				GCC_WARN_64_TO_32_BIT_CONVERSION = YES;
				GCC_WARN_ABOUT_RETURN_TYPE = YES_ERROR;
				GCC_WARN_UNDECLARED_SELECTOR = YES;
				GCC_WARN_UNINITIALIZED_AUTOS = YES_AGGRESSIVE;
				GCC_WARN_UNUSED_FUNCTION = YES;
				GCC_WARN_UNUSED_VARIABLE = YES;
				IPHONEOS_DEPLOYMENT_TARGET = 15.5;
				MTL_ENABLE_DEBUG_INFO = INCLUDE_SOURCE;
				MTL_FAST_MATH = YES;
				ONLY_ACTIVE_ARCH = YES;
				SDKROOT = iphoneos;
				SWIFT_ACTIVE_COMPILATION_CONDITIONS = DEBUG;
				SWIFT_OPTIMIZATION_LEVEL = "-Onone";
			};
			name = Debug;
		};
		6D94365628B0E7EA00AC7095 /* Release */ = {
			isa = XCBuildConfiguration;
			buildSettings = {
				ALWAYS_SEARCH_USER_PATHS = NO;
				CLANG_ANALYZER_NONNULL = YES;
				CLANG_ANALYZER_NUMBER_OBJECT_CONVERSION = YES_AGGRESSIVE;
				CLANG_CXX_LANGUAGE_STANDARD = "gnu++17";
				CLANG_ENABLE_MODULES = YES;
				CLANG_ENABLE_OBJC_ARC = YES;
				CLANG_ENABLE_OBJC_WEAK = YES;
				CLANG_WARN_BLOCK_CAPTURE_AUTORELEASING = YES;
				CLANG_WARN_BOOL_CONVERSION = YES;
				CLANG_WARN_COMMA = YES;
				CLANG_WARN_CONSTANT_CONVERSION = YES;
				CLANG_WARN_DEPRECATED_OBJC_IMPLEMENTATIONS = YES;
				CLANG_WARN_DIRECT_OBJC_ISA_USAGE = YES_ERROR;
				CLANG_WARN_DOCUMENTATION_COMMENTS = YES;
				CLANG_WARN_EMPTY_BODY = YES;
				CLANG_WARN_ENUM_CONVERSION = YES;
				CLANG_WARN_INFINITE_RECURSION = YES;
				CLANG_WARN_INT_CONVERSION = YES;
				CLANG_WARN_NON_LITERAL_NULL_CONVERSION = YES;
				CLANG_WARN_OBJC_IMPLICIT_RETAIN_SELF = YES;
				CLANG_WARN_OBJC_LITERAL_CONVERSION = YES;
				CLANG_WARN_OBJC_ROOT_CLASS = YES_ERROR;
				CLANG_WARN_QUOTED_INCLUDE_IN_FRAMEWORK_HEADER = YES;
				CLANG_WARN_RANGE_LOOP_ANALYSIS = YES;
				CLANG_WARN_STRICT_PROTOTYPES = YES;
				CLANG_WARN_SUSPICIOUS_MOVE = YES;
				CLANG_WARN_UNGUARDED_AVAILABILITY = YES_AGGRESSIVE;
				CLANG_WARN_UNREACHABLE_CODE = YES;
				CLANG_WARN__DUPLICATE_METHOD_MATCH = YES;
				COPY_PHASE_STRIP = NO;
				DEBUG_INFORMATION_FORMAT = "dwarf-with-dsym";
				ENABLE_NS_ASSERTIONS = NO;
				ENABLE_STRICT_OBJC_MSGSEND = YES;
				GCC_C_LANGUAGE_STANDARD = gnu11;
				GCC_NO_COMMON_BLOCKS = YES;
				GCC_WARN_64_TO_32_BIT_CONVERSION = YES;
				GCC_WARN_ABOUT_RETURN_TYPE = YES_ERROR;
				GCC_WARN_UNDECLARED_SELECTOR = YES;
				GCC_WARN_UNINITIALIZED_AUTOS = YES_AGGRESSIVE;
				GCC_WARN_UNUSED_FUNCTION = YES;
				GCC_WARN_UNUSED_VARIABLE = YES;
				IPHONEOS_DEPLOYMENT_TARGET = 15.5;
				MTL_ENABLE_DEBUG_INFO = NO;
				MTL_FAST_MATH = YES;
				SDKROOT = iphoneos;
				SWIFT_COMPILATION_MODE = wholemodule;
				SWIFT_OPTIMIZATION_LEVEL = "-O";
				VALIDATE_PRODUCT = YES;
			};
			name = Release;
		};
		6D94365828B0E7EA00AC7095 /* Debug */ = {
			isa = XCBuildConfiguration;
			buildSettings = {
				ASSETCATALOG_COMPILER_APPICON_NAME = AppIcon;
				ASSETCATALOG_COMPILER_GLOBAL_ACCENT_COLOR_NAME = AccentColor;
				CODE_SIGN_STYLE = Automatic;
				CURRENT_PROJECT_VERSION = 1;
				DEVELOPMENT_ASSET_PATHS = "\"PDFReader/Preview Content\"";
				DEVELOPMENT_TEAM = A4A7Q2B766;
				ENABLE_PREVIEWS = YES;
				GENERATE_INFOPLIST_FILE = YES;
				INFOPLIST_KEY_UIApplicationSceneManifest_Generation = YES;
				INFOPLIST_KEY_UIApplicationSupportsIndirectInputEvents = YES;
				INFOPLIST_KEY_UILaunchScreen_Generation = YES;
				INFOPLIST_KEY_UISupportedInterfaceOrientations_iPad = "UIInterfaceOrientationPortrait UIInterfaceOrientationPortraitUpsideDown UIInterfaceOrientationLandscapeLeft UIInterfaceOrientationLandscapeRight";
				INFOPLIST_KEY_UISupportedInterfaceOrientations_iPhone = "UIInterfaceOrientationPortrait UIInterfaceOrientationLandscapeLeft UIInterfaceOrientationLandscapeRight";
				LD_RUNPATH_SEARCH_PATHS = (
					"$(inherited)",
					"@executable_path/Frameworks",
				);
				MARKETING_VERSION = 1.0;
				PRODUCT_BUNDLE_IDENTIFIER = com.gmail.1997.av.mukhin.PDFReader;
				PRODUCT_NAME = "$(TARGET_NAME)";
				SWIFT_EMIT_LOC_STRINGS = YES;
				SWIFT_VERSION = 5.0;
				TARGETED_DEVICE_FAMILY = "1,2";
			};
			name = Debug;
		};
		6D94365928B0E7EA00AC7095 /* Release */ = {
			isa = XCBuildConfiguration;
			buildSettings = {
				ASSETCATALOG_COMPILER_APPICON_NAME = AppIcon;
				ASSETCATALOG_COMPILER_GLOBAL_ACCENT_COLOR_NAME = AccentColor;
				CODE_SIGN_STYLE = Automatic;
				CURRENT_PROJECT_VERSION = 1;
				DEVELOPMENT_ASSET_PATHS = "\"PDFReader/Preview Content\"";
				DEVELOPMENT_TEAM = A4A7Q2B766;
				ENABLE_PREVIEWS = YES;
				GENERATE_INFOPLIST_FILE = YES;
				INFOPLIST_KEY_UIApplicationSceneManifest_Generation = YES;
				INFOPLIST_KEY_UIApplicationSupportsIndirectInputEvents = YES;
				INFOPLIST_KEY_UILaunchScreen_Generation = YES;
				INFOPLIST_KEY_UISupportedInterfaceOrientations_iPad = "UIInterfaceOrientationPortrait UIInterfaceOrientationPortraitUpsideDown UIInterfaceOrientationLandscapeLeft UIInterfaceOrientationLandscapeRight";
				INFOPLIST_KEY_UISupportedInterfaceOrientations_iPhone = "UIInterfaceOrientationPortrait UIInterfaceOrientationLandscapeLeft UIInterfaceOrientationLandscapeRight";
				LD_RUNPATH_SEARCH_PATHS = (
					"$(inherited)",
					"@executable_path/Frameworks",
				);
				MARKETING_VERSION = 1.0;
				PRODUCT_BUNDLE_IDENTIFIER = com.gmail.1997.av.mukhin.PDFReader;
				PRODUCT_NAME = "$(TARGET_NAME)";
				SWIFT_EMIT_LOC_STRINGS = YES;
				SWIFT_VERSION = 5.0;
				TARGETED_DEVICE_FAMILY = "1,2";
			};
			name = Release;
		};
/* End XCBuildConfiguration section */

/* Begin XCConfigurationList section */
		6D94364428B0E7E900AC7095 /* Build configuration list for PBXProject "PDFReader" */ = {
			isa = XCConfigurationList;
			buildConfigurations = (
				6D94365528B0E7EA00AC7095 /* Debug */,
				6D94365628B0E7EA00AC7095 /* Release */,
			);
			defaultConfigurationIsVisible = 0;
			defaultConfigurationName = Release;
		};
		6D94365728B0E7EA00AC7095 /* Build configuration list for PBXNativeTarget "PDFReader" */ = {
			isa = XCConfigurationList;
			buildConfigurations = (
				6D94365828B0E7EA00AC7095 /* Debug */,
				6D94365928B0E7EA00AC7095 /* Release */,
			);
			defaultConfigurationIsVisible = 0;
			defaultConfigurationName = Release;
		};
/* End XCConfigurationList section */
	};
	rootObject = 6D94364128B0E7E900AC7095 /* Project object */;
}
